
Microsoft Visual Studio Solution File, Format Version 12.00
# Visual Studio Version 17
VisualStudioVersion = 17.4.33122.133
MinimumVisualStudioVersion = 10.0.40219.1
Project("{FAE04EC0-301F-11D3-BF4B-00C04F79EFBC}") = "StreamTracker", "StreamTracker.csproj", "{3044D42F-5288-4E41-A0ED-9CC414F51C32}"
EndProject
Global
	GlobalSection(SolutionConfigurationPlatforms) = preSolution
		Debug|Any CPU = Debug|Any CPU
		Release|Any CPU = Release|Any CPU
	EndGlobalSection
	GlobalSection(ProjectConfigurationPlatforms) = postSolution
		{3044D42F-5288-4E41-A0ED-9CC414F51C32}.Debug|Any CPU.ActiveCfg = Debug|Any CPU
		{3044D42F-5288-4E41-A0ED-9CC414F51C32}.Debug|Any CPU.Build.0 = Debug|Any CPU
		{3044D42F-5288-4E41-A0ED-9CC414F51C32}.Release|Any CPU.ActiveCfg = Release|Any CPU
		{3044D42F-5288-4E41-A0ED-9CC414F51C32}.Release|Any CPU.Build.0 = Release|Any CPU
	EndGlobalSection
	GlobalSection(SolutionProperties) = preSolution
		HideSolutionNode = FALSE
	EndGlobalSection
	GlobalSection(ExtensibilityGlobals) = postSolution
		SolutionGuid = {BA92DB70-CEF5-4229-89F2-A2A914AA22EA}
	EndGlobalSection
EndGlobal
